
Microsoft Visual Studio Solution File, Format Version 12.00
# Visual Studio 14
VisualStudioVersion = 14.0.22823.1
MinimumVisualStudioVersion = 10.0.40219.1
Project("{FAE04EC0-301F-11D3-BF4B-00C04F79EFBC}") = "PeerCache", "PeerCache\PeerCache.csproj", "{ECD6275D-17A6-4E84-9BCD-E51FF5293C01}"
EndProject
Project("{FAE04EC0-301F-11D3-BF4B-00C04F79EFBC}") = "PeerCache.Web", "PeerCache.Web\PeerCache.Web.csproj", "{BD86A2EE-E5DC-4BED-B9CE-CB4EE87F5EE5}"
EndProject
Project("{FAE04EC0-301F-11D3-BF4B-00C04F79EFBC}") = "PeerCache.Console", "PeerCache.Console\PeerCache.Console.csproj", "{D1E26596-8B3F-4CA4-87B6-EC0E2420EAA1}"
EndProject
Global
	GlobalSection(SolutionConfigurationPlatforms) = preSolution
		Debug|Any CPU = Debug|Any CPU
		Release|Any CPU = Release|Any CPU
	EndGlobalSection
	GlobalSection(ProjectConfigurationPlatforms) = postSolution
		{ECD6275D-17A6-4E84-9BCD-E51FF5293C01}.Debug|Any CPU.ActiveCfg = Debug|Any CPU
		{ECD6275D-17A6-4E84-9BCD-E51FF5293C01}.Debug|Any CPU.Build.0 = Debug|Any CPU
		{ECD6275D-17A6-4E84-9BCD-E51FF5293C01}.Release|Any CPU.ActiveCfg = Release|Any CPU
		{ECD6275D-17A6-4E84-9BCD-E51FF5293C01}.Release|Any CPU.Build.0 = Release|Any CPU
		{BD86A2EE-E5DC-4BED-B9CE-CB4EE87F5EE5}.Debug|Any CPU.ActiveCfg = Debug|Any CPU
		{BD86A2EE-E5DC-4BED-B9CE-CB4EE87F5EE5}.Debug|Any CPU.Build.0 = Debug|Any CPU
		{BD86A2EE-E5DC-4BED-B9CE-CB4EE87F5EE5}.Release|Any CPU.ActiveCfg = Release|Any CPU
		{BD86A2EE-E5DC-4BED-B9CE-CB4EE87F5EE5}.Release|Any CPU.Build.0 = Release|Any CPU
		{D1E26596-8B3F-4CA4-87B6-EC0E2420EAA1}.Debug|Any CPU.ActiveCfg = Debug|Any CPU
		{D1E26596-8B3F-4CA4-87B6-EC0E2420EAA1}.Debug|Any CPU.Build.0 = Debug|Any CPU
		{D1E26596-8B3F-4CA4-87B6-EC0E2420EAA1}.Release|Any CPU.ActiveCfg = Release|Any CPU
		{D1E26596-8B3F-4CA4-87B6-EC0E2420EAA1}.Release|Any CPU.Build.0 = Release|Any CPU
	EndGlobalSection
	GlobalSection(SolutionProperties) = preSolution
		HideSolutionNode = FALSE
	EndGlobalSection
EndGlobal
